
Microsoft Visual Studio Solution File, Format Version 12.00
# Visual Studio Version 17
VisualStudioVersion = 17.7.34003.232
MinimumVisualStudioVersion = 10.0.40219.1
Project("{8BC9CEB8-8B4A-11D0-8D11-00A0C91BC942}") = "Project5-BoxVertexColor", "openGLProject\openGLProject.vcxproj", "{460027D2-EF97-4FC7-ADA4-AC51F8109213}"
EndProject
Project("{8BC9CEB8-8B4A-11D0-8D11-00A0C91BC942}") = "Project4-matrix", "Project4-mouse\Project4-mouse.vcxproj", "{48E21E9F-17B0-456B-987F-645564A8CD9F}"
EndProject
Project("{8BC9CEB8-8B4A-11D0-8D11-00A0C91BC942}") = "Project6-TextureCube", "Project6-TextureCube\Project6-TextureCube.vcxproj", "{9DD2B2F3-2C6C-48B3-8524-05AC98191E0A}"
EndProject
Project("{8BC9CEB8-8B4A-11D0-8D11-00A0C91BC942}") = "Project7-MouseControl", "Project7-MouseControl\Project7-MouseControl.vcxproj", "{B460F0FF-85C2-43C5-BAB6-CADD383D4531}"
EndProject
Project("{8BC9CEB8-8B4A-11D0-8D11-00A0C91BC942}") = "Project8-loadOBJ", "Project8-loadOBJ\Project8-loadOBJ.vcxproj", "{34D445DC-50A5-46E7-9410-87F1A177D9C9}"
EndProject
Project("{8BC9CEB8-8B4A-11D0-8D11-00A0C91BC942}") = "Project9-shading", "Project9-shading\Project9-shading.vcxproj", "{52B64AD4-E387-4E6E-A81F-2B3EA0868389}"
EndProject
Project("{8BC9CEB8-8B4A-11D0-8D11-00A0C91BC942}") = "Project10-VertexIndex", "Project10-VertexIndex\Project10-VertexIndex.vcxproj", "{4AAC560F-7C18-4052-847C-0B5E9A4C8FEB}"
EndProject
Project("{8BC9CEB8-8B4A-11D0-8D11-00A0C91BC942}") = "Project11-Alpha", "Project11-Alpha\Project11-Alpha.vcxproj", "{F97B222B-6E3A-4ACC-B299-9D3FA9EBC9E5}"
EndProject
Project("{8BC9CEB8-8B4A-11D0-8D11-00A0C91BC942}") = "Project12-Text2D", "Project12-Text2D\Project12-Text2D.vcxproj", "{8B84185F-75CA-4BC5-8CBD-10AD3ADA8868}"
EndProject
Project("{8BC9CEB8-8B4A-11D0-8D11-00A0C91BC942}") = "Project13-Myproject", "Project13-Myproject\Project13-Myproject.vcxproj", "{8466E76F-7744-403B-BBA7-099BA317CCFA}"
EndProject
Project("{8BC9CEB8-8B4A-11D0-8D11-00A0C91BC942}") = "Project14-NormalMap", "Project14-NormalMap\Project14-NormalMap.vcxproj", "{E6E404BA-FCBB-4834-B371-07E42B155FE9}"
EndProject
Project("{8BC9CEB8-8B4A-11D0-8D11-00A0C91BC942}") = "Project-Test", "Project-Test\Project-Test.vcxproj", "{93616241-F8F5-4AC8-9AE4-BBE65756694B}"
EndProject
Global
	GlobalSection(SolutionConfigurationPlatforms) = preSolution
		Debug|ARM = Debug|ARM
		Debug|ARM64 = Debug|ARM64
		Debug|x64 = Debug|x64
		Debug|x86 = Debug|x86
		Release|ARM = Release|ARM
		Release|ARM64 = Release|ARM64
		Release|x64 = Release|x64
		Release|x86 = Release|x86
	EndGlobalSection
	GlobalSection(ProjectConfigurationPlatforms) = postSolution
		{460027D2-EF97-4FC7-ADA4-AC51F8109213}.Debug|ARM.ActiveCfg = Debug|x64
		{460027D2-EF97-4FC7-ADA4-AC51F8109213}.Debug|ARM.Build.0 = Debug|x64
		{460027D2-EF97-4FC7-ADA4-AC51F8109213}.Debug|ARM64.ActiveCfg = Debug|x64
		{460027D2-EF97-4FC7-ADA4-AC51F8109213}.Debug|ARM64.Build.0 = Debug|x64
		{460027D2-EF97-4FC7-ADA4-AC51F8109213}.Debug|x64.ActiveCfg = Debug|x64
		{460027D2-EF97-4FC7-ADA4-AC51F8109213}.Debug|x64.Build.0 = Debug|x64
		{460027D2-EF97-4FC7-ADA4-AC51F8109213}.Debug|x86.ActiveCfg = Debug|Win32
		{460027D2-EF97-4FC7-ADA4-AC51F8109213}.Debug|x86.Build.0 = Debug|Win32
		{460027D2-EF97-4FC7-ADA4-AC51F8109213}.Release|ARM.ActiveCfg = Release|x64
		{460027D2-EF97-4FC7-ADA4-AC51F8109213}.Release|ARM.Build.0 = Release|x64
		{460027D2-EF97-4FC7-ADA4-AC51F8109213}.Release|ARM64.ActiveCfg = Release|x64
		{460027D2-EF97-4FC7-ADA4-AC51F8109213}.Release|ARM64.Build.0 = Release|x64
		{460027D2-EF97-4FC7-ADA4-AC51F8109213}.Release|x64.ActiveCfg = Release|x64
		{460027D2-EF97-4FC7-ADA4-AC51F8109213}.Release|x64.Build.0 = Release|x64
		{460027D2-EF97-4FC7-ADA4-AC51F8109213}.Release|x86.ActiveCfg = Release|Win32
		{460027D2-EF97-4FC7-ADA4-AC51F8109213}.Release|x86.Build.0 = Release|Win32
		{48E21E9F-17B0-456B-987F-645564A8CD9F}.Debug|ARM.ActiveCfg = Debug|x64
		{48E21E9F-17B0-456B-987F-645564A8CD9F}.Debug|ARM.Build.0 = Debug|x64
		{48E21E9F-17B0-456B-987F-645564A8CD9F}.Debug|ARM64.ActiveCfg = Debug|x64
		{48E21E9F-17B0-456B-987F-645564A8CD9F}.Debug|ARM64.Build.0 = Debug|x64
		{48E21E9F-17B0-456B-987F-645564A8CD9F}.Debug|x64.ActiveCfg = Debug|x64
		{48E21E9F-17B0-456B-987F-645564A8CD9F}.Debug|x64.Build.0 = Debug|x64
		{48E21E9F-17B0-456B-987F-645564A8CD9F}.Debug|x86.ActiveCfg = Debug|Win32
		{48E21E9F-17B0-456B-987F-645564A8CD9F}.Debug|x86.Build.0 = Debug|Win32
		{48E21E9F-17B0-456B-987F-645564A8CD9F}.Release|ARM.ActiveCfg = Release|x64
		{48E21E9F-17B0-456B-987F-645564A8CD9F}.Release|ARM.Build.0 = Release|x64
		{48E21E9F-17B0-456B-987F-645564A8CD9F}.Release|ARM64.ActiveCfg = Release|x64
		{48E21E9F-17B0-456B-987F-645564A8CD9F}.Release|ARM64.Build.0 = Release|x64
		{48E21E9F-17B0-456B-987F-645564A8CD9F}.Release|x64.ActiveCfg = Release|x64
		{48E21E9F-17B0-456B-987F-645564A8CD9F}.Release|x64.Build.0 = Release|x64
		{48E21E9F-17B0-456B-987F-645564A8CD9F}.Release|x86.ActiveCfg = Release|Win32
		{48E21E9F-17B0-456B-987F-645564A8CD9F}.Release|x86.Build.0 = Release|Win32
		{9DD2B2F3-2C6C-48B3-8524-05AC98191E0A}.Debug|ARM.ActiveCfg = Debug|x64
		{9DD2B2F3-2C6C-48B3-8524-05AC98191E0A}.Debug|ARM.Build.0 = Debug|x64
		{9DD2B2F3-2C6C-48B3-8524-05AC98191E0A}.Debug|ARM64.ActiveCfg = Debug|x64
		{9DD2B2F3-2C6C-48B3-8524-05AC98191E0A}.Debug|ARM64.Build.0 = Debug|x64
		{9DD2B2F3-2C6C-48B3-8524-05AC98191E0A}.Debug|x64.ActiveCfg = Debug|x64
		{9DD2B2F3-2C6C-48B3-8524-05AC98191E0A}.Debug|x64.Build.0 = Debug|x64
		{9DD2B2F3-2C6C-48B3-8524-05AC98191E0A}.Debug|x86.ActiveCfg = Debug|Win32
		{9DD2B2F3-2C6C-48B3-8524-05AC98191E0A}.Debug|x86.Build.0 = Debug|Win32
		{9DD2B2F3-2C6C-48B3-8524-05AC98191E0A}.Release|ARM.ActiveCfg = Release|x64
		{9DD2B2F3-2C6C-48B3-8524-05AC98191E0A}.Release|ARM.Build.0 = Release|x64
		{9DD2B2F3-2C6C-48B3-8524-05AC98191E0A}.Release|ARM64.ActiveCfg = Release|x64
		{9DD2B2F3-2C6C-48B3-8524-05AC98191E0A}.Release|ARM64.Build.0 = Release|x64
		{9DD2B2F3-2C6C-48B3-8524-05AC98191E0A}.Release|x64.ActiveCfg = Release|x64
		{9DD2B2F3-2C6C-48B3-8524-05AC98191E0A}.Release|x64.Build.0 = Release|x64
		{9DD2B2F3-2C6C-48B3-8524-05AC98191E0A}.Release|x86.ActiveCfg = Release|Win32
		{9DD2B2F3-2C6C-48B3-8524-05AC98191E0A}.Release|x86.Build.0 = Release|Win32
		{B460F0FF-85C2-43C5-BAB6-CADD383D4531}.Debug|ARM.ActiveCfg = Debug|x64
		{B460F0FF-85C2-43C5-BAB6-CADD383D4531}.Debug|ARM.Build.0 = Debug|x64
		{B460F0FF-85C2-43C5-BAB6-CADD383D4531}.Debug|ARM64.ActiveCfg = Debug|x64
		{B460F0FF-85C2-43C5-BAB6-CADD383D4531}.Debug|ARM64.Build.0 = Debug|x64
		{B460F0FF-85C2-43C5-BAB6-CADD383D4531}.Debug|x64.ActiveCfg = Debug|x64
		{B460F0FF-85C2-43C5-BAB6-CADD383D4531}.Debug|x64.Build.0 = Debug|x64
		{B460F0FF-85C2-43C5-BAB6-CADD383D4531}.Debug|x86.ActiveCfg = Debug|Win32
		{B460F0FF-85C2-43C5-BAB6-CADD383D4531}.Debug|x86.Build.0 = Debug|Win32
		{B460F0FF-85C2-43C5-BAB6-CADD383D4531}.Release|ARM.ActiveCfg = Release|x64
		{B460F0FF-85C2-43C5-BAB6-CADD383D4531}.Release|ARM.Build.0 = Release|x64
		{B460F0FF-85C2-43C5-BAB6-CADD383D4531}.Release|ARM64.ActiveCfg = Release|x64
		{B460F0FF-85C2-43C5-BAB6-CADD383D4531}.Release|ARM64.Build.0 = Release|x64
		{B460F0FF-85C2-43C5-BAB6-CADD383D4531}.Release|x64.ActiveCfg = Release|x64
		{B460F0FF-85C2-43C5-BAB6-CADD383D4531}.Release|x64.Build.0 = Release|x64
		{B460F0FF-85C2-43C5-BAB6-CADD383D4531}.Release|x86.ActiveCfg = Release|Win32
		{B460F0FF-85C2-43C5-BAB6-CADD383D4531}.Release|x86.Build.0 = Release|Win32
		{34D445DC-50A5-46E7-9410-87F1A177D9C9}.Debug|ARM.ActiveCfg = Debug|x64
		{34D445DC-50A5-46E7-9410-87F1A177D9C9}.Debug|ARM.Build.0 = Debug|x64
		{34D445DC-50A5-46E7-9410-87F1A177D9C9}.Debug|ARM64.ActiveCfg = Debug|x64
		{34D445DC-50A5-46E7-9410-87F1A177D9C9}.Debug|ARM64.Build.0 = Debug|x64
		{34D445DC-50A5-46E7-9410-87F1A177D9C9}.Debug|x64.ActiveCfg = Debug|x64
		{34D445DC-50A5-46E7-9410-87F1A177D9C9}.Debug|x64.Build.0 = Debug|x64
		{34D445DC-50A5-46E7-9410-87F1A177D9C9}.Debug|x86.ActiveCfg = Debug|Win32
		{34D445DC-50A5-46E7-9410-87F1A177D9C9}.Debug|x86.Build.0 = Debug|Win32
		{34D445DC-50A5-46E7-9410-87F1A177D9C9}.Release|ARM.ActiveCfg = Release|x64
		{34D445DC-50A5-46E7-9410-87F1A177D9C9}.Release|ARM.Build.0 = Release|x64
		{34D445DC-50A5-46E7-9410-87F1A177D9C9}.Release|ARM64.ActiveCfg = Release|x64
		{34D445DC-50A5-46E7-9410-87F1A177D9C9}.Release|ARM64.Build.0 = Release|x64
		{34D445DC-50A5-46E7-9410-87F1A177D9C9}.Release|x64.ActiveCfg = Release|x64
		{34D445DC-50A5-46E7-9410-87F1A177D9C9}.Release|x64.Build.0 = Release|x64
		{34D445DC-50A5-46E7-9410-87F1A177D9C9}.Release|x86.ActiveCfg = Release|Win32
		{34D445DC-50A5-46E7-9410-87F1A177D9C9}.Release|x86.Build.0 = Release|Win32
		{52B64AD4-E387-4E6E-A81F-2B3EA0868389}.Debug|ARM.ActiveCfg = Debug|x64
		{52B64AD4-E387-4E6E-A81F-2B3EA0868389}.Debug|ARM.Build.0 = Debug|x64
		{52B64AD4-E387-4E6E-A81F-2B3EA0868389}.Debug|ARM64.ActiveCfg = Debug|x64
		{52B64AD4-E387-4E6E-A81F-2B3EA0868389}.Debug|ARM64.Build.0 = Debug|x64
		{52B64AD4-E387-4E6E-A81F-2B3EA0868389}.Debug|x64.ActiveCfg = Debug|x64
		{52B64AD4-E387-4E6E-A81F-2B3EA0868389}.Debug|x64.Build.0 = Debug|x64
		{52B64AD4-E387-4E6E-A81F-2B3EA0868389}.Debug|x86.ActiveCfg = Debug|Win32
		{52B64AD4-E387-4E6E-A81F-2B3EA0868389}.Debug|x86.Build.0 = Debug|Win32
		{52B64AD4-E387-4E6E-A81F-2B3EA0868389}.Release|ARM.ActiveCfg = Release|x64
		{52B64AD4-E387-4E6E-A81F-2B3EA0868389}.Release|ARM.Build.0 = Release|x64
		{52B64AD4-E387-4E6E-A81F-2B3EA0868389}.Release|ARM64.ActiveCfg = Release|x64
		{52B64AD4-E387-4E6E-A81F-2B3EA0868389}.Release|ARM64.Build.0 = Release|x64
		{52B64AD4-E387-4E6E-A81F-2B3EA0868389}.Release|x64.ActiveCfg = Release|x64
		{52B64AD4-E387-4E6E-A81F-2B3EA0868389}.Release|x64.Build.0 = Release|x64
		{52B64AD4-E387-4E6E-A81F-2B3EA0868389}.Release|x86.ActiveCfg = Release|Win32
		{52B64AD4-E387-4E6E-A81F-2B3EA0868389}.Release|x86.Build.0 = Release|Win32
		{4AAC560F-7C18-4052-847C-0B5E9A4C8FEB}.Debug|ARM.ActiveCfg = Debug|x64
		{4AAC560F-7C18-4052-847C-0B5E9A4C8FEB}.Debug|ARM.Build.0 = Debug|x64
		{4AAC560F-7C18-4052-847C-0B5E9A4C8FEB}.Debug|ARM64.ActiveCfg = Debug|x64
		{4AAC560F-7C18-4052-847C-0B5E9A4C8FEB}.Debug|ARM64.Build.0 = Debug|x64
		{4AAC560F-7C18-4052-847C-0B5E9A4C8FEB}.Debug|x64.ActiveCfg = Debug|x64
		{4AAC560F-7C18-4052-847C-0B5E9A4C8FEB}.Debug|x64.Build.0 = Debug|x64
		{4AAC560F-7C18-4052-847C-0B5E9A4C8FEB}.Debug|x86.ActiveCfg = Debug|Win32
		{4AAC560F-7C18-4052-847C-0B5E9A4C8FEB}.Debug|x86.Build.0 = Debug|Win32
		{4AAC560F-7C18-4052-847C-0B5E9A4C8FEB}.Release|ARM.ActiveCfg = Release|x64
		{4AAC560F-7C18-4052-847C-0B5E9A4C8FEB}.Release|ARM.Build.0 = Release|x64
		{4AAC560F-7C18-4052-847C-0B5E9A4C8FEB}.Release|ARM64.ActiveCfg = Release|x64
		{4AAC560F-7C18-4052-847C-0B5E9A4C8FEB}.Release|ARM64.Build.0 = Release|x64
		{4AAC560F-7C18-4052-847C-0B5E9A4C8FEB}.Release|x64.ActiveCfg = Release|x64
		{4AAC560F-7C18-4052-847C-0B5E9A4C8FEB}.Release|x64.Build.0 = Release|x64
		{4AAC560F-7C18-4052-847C-0B5E9A4C8FEB}.Release|x86.ActiveCfg = Release|Win32
		{4AAC560F-7C18-4052-847C-0B5E9A4C8FEB}.Release|x86.Build.0 = Release|Win32
		{F97B222B-6E3A-4ACC-B299-9D3FA9EBC9E5}.Debug|ARM.ActiveCfg = Debug|x64
		{F97B222B-6E3A-4ACC-B299-9D3FA9EBC9E5}.Debug|ARM.Build.0 = Debug|x64
		{F97B222B-6E3A-4ACC-B299-9D3FA9EBC9E5}.Debug|ARM64.ActiveCfg = Debug|x64
		{F97B222B-6E3A-4ACC-B299-9D3FA9EBC9E5}.Debug|ARM64.Build.0 = Debug|x64
		{F97B222B-6E3A-4ACC-B299-9D3FA9EBC9E5}.Debug|x64.ActiveCfg = Debug|x64
		{F97B222B-6E3A-4ACC-B299-9D3FA9EBC9E5}.Debug|x64.Build.0 = Debug|x64
		{F97B222B-6E3A-4ACC-B299-9D3FA9EBC9E5}.Debug|x86.ActiveCfg = Debug|Win32
		{F97B222B-6E3A-4ACC-B299-9D3FA9EBC9E5}.Debug|x86.Build.0 = Debug|Win32
		{F97B222B-6E3A-4ACC-B299-9D3FA9EBC9E5}.Release|ARM.ActiveCfg = Release|x64
		{F97B222B-6E3A-4ACC-B299-9D3FA9EBC9E5}.Release|ARM.Build.0 = Release|x64
		{F97B222B-6E3A-4ACC-B299-9D3FA9EBC9E5}.Release|ARM64.ActiveCfg = Release|x64
		{F97B222B-6E3A-4ACC-B299-9D3FA9EBC9E5}.Release|ARM64.Build.0 = Release|x64
		{F97B222B-6E3A-4ACC-B299-9D3FA9EBC9E5}.Release|x64.ActiveCfg = Release|x64
		{F97B222B-6E3A-4ACC-B299-9D3FA9EBC9E5}.Release|x64.Build.0 = Release|x64
		{F97B222B-6E3A-4ACC-B299-9D3FA9EBC9E5}.Release|x86.ActiveCfg = Release|Win32
		{F97B222B-6E3A-4ACC-B299-9D3FA9EBC9E5}.Release|x86.Build.0 = Release|Win32
		{8B84185F-75CA-4BC5-8CBD-10AD3ADA8868}.Debug|ARM.ActiveCfg = Debug|x64
		{8B84185F-75CA-4BC5-8CBD-10AD3ADA8868}.Debug|ARM.Build.0 = Debug|x64
		{8B84185F-75CA-4BC5-8CBD-10AD3ADA8868}.Debug|ARM64.ActiveCfg = Debug|x64
		{8B84185F-75CA-4BC5-8CBD-10AD3ADA8868}.Debug|ARM64.Build.0 = Debug|x64
		{8B84185F-75CA-4BC5-8CBD-10AD3ADA8868}.Debug|x64.ActiveCfg = Debug|x64
		{8B84185F-75CA-4BC5-8CBD-10AD3ADA8868}.Debug|x64.Build.0 = Debug|x64
		{8B84185F-75CA-4BC5-8CBD-10AD3ADA8868}.Debug|x86.ActiveCfg = Debug|Win32
		{8B84185F-75CA-4BC5-8CBD-10AD3ADA8868}.Debug|x86.Build.0 = Debug|Win32
		{8B84185F-75CA-4BC5-8CBD-10AD3ADA8868}.Release|ARM.ActiveCfg = Release|x64
		{8B84185F-75CA-4BC5-8CBD-10AD3ADA8868}.Release|ARM.Build.0 = Release|x64
		{8B84185F-75CA-4BC5-8CBD-10AD3ADA8868}.Release|ARM64.ActiveCfg = Release|x64
		{8B84185F-75CA-4BC5-8CBD-10AD3ADA8868}.Release|ARM64.Build.0 = Release|x64
		{8B84185F-75CA-4BC5-8CBD-10AD3ADA8868}.Release|x64.ActiveCfg = Release|x64
		{8B84185F-75CA-4BC5-8CBD-10AD3ADA8868}.Release|x64.Build.0 = Release|x64
		{8B84185F-75CA-4BC5-8CBD-10AD3ADA8868}.Release|x86.ActiveCfg = Release|Win32
		{8B84185F-75CA-4BC5-8CBD-10AD3ADA8868}.Release|x86.Build.0 = Release|Win32
		{8466E76F-7744-403B-BBA7-099BA317CCFA}.Debug|ARM.ActiveCfg = Debug|x64
		{8466E76F-7744-403B-BBA7-099BA317CCFA}.Debug|ARM.Build.0 = Debug|x64
		{8466E76F-7744-403B-BBA7-099BA317CCFA}.Debug|ARM64.ActiveCfg = Debug|x64
		{8466E76F-7744-403B-BBA7-099BA317CCFA}.Debug|ARM64.Build.0 = Debug|x64
		{8466E76F-7744-403B-BBA7-099BA317CCFA}.Debug|x64.ActiveCfg = Debug|x64
		{8466E76F-7744-403B-BBA7-099BA317CCFA}.Debug|x64.Build.0 = Debug|x64
		{8466E76F-7744-403B-BBA7-099BA317CCFA}.Debug|x86.ActiveCfg = Debug|Win32
		{8466E76F-7744-403B-BBA7-099BA317CCFA}.Debug|x86.Build.0 = Debug|Win32
		{8466E76F-7744-403B-BBA7-099BA317CCFA}.Release|ARM.ActiveCfg = Release|x64
		{8466E76F-7744-403B-BBA7-099BA317CCFA}.Release|ARM.Build.0 = Release|x64
		{8466E76F-7744-403B-BBA7-099BA317CCFA}.Release|ARM64.ActiveCfg = Release|x64
		{8466E76F-7744-403B-BBA7-099BA317CCFA}.Release|ARM64.Build.0 = Release|x64
		{8466E76F-7744-403B-BBA7-099BA317CCFA}.Release|x64.ActiveCfg = Release|x64
		{8466E76F-7744-403B-BBA7-099BA317CCFA}.Release|x64.Build.0 = Release|x64
		{8466E76F-7744-403B-BBA7-099BA317CCFA}.Release|x86.ActiveCfg = Release|Win32
		{8466E76F-7744-403B-BBA7-099BA317CCFA}.Release|x86.Build.0 = Release|Win32
		{E6E404BA-FCBB-4834-B371-07E42B155FE9}.Debug|ARM.ActiveCfg = Debug|x64
		{E6E404BA-FCBB-4834-B371-07E42B155FE9}.Debug|ARM.Build.0 = Debug|x64
		{E6E404BA-FCBB-4834-B371-07E42B155FE9}.Debug|ARM64.ActiveCfg = Debug|x64
		{E6E404BA-FCBB-4834-B371-07E42B155FE9}.Debug|ARM64.Build.0 = Debug|x64
		{E6E404BA-FCBB-4834-B371-07E42B155FE9}.Debug|x64.ActiveCfg = Debug|x64
		{E6E404BA-FCBB-4834-B371-07E42B155FE9}.Debug|x64.Build.0 = Debug|x64
		{E6E404BA-FCBB-4834-B371-07E42B155FE9}.Debug|x86.ActiveCfg = Debug|Win32
		{E6E404BA-FCBB-4834-B371-07E42B155FE9}.Debug|x86.Build.0 = Debug|Win32
		{E6E404BA-FCBB-4834-B371-07E42B155FE9}.Release|ARM.ActiveCfg = Release|x64
		{E6E404BA-FCBB-4834-B371-07E42B155FE9}.Release|ARM.Build.0 = Release|x64
		{E6E404BA-FCBB-4834-B371-07E42B155FE9}.Release|ARM64.ActiveCfg = Release|x64
		{E6E404BA-FCBB-4834-B371-07E42B155FE9}.Release|ARM64.Build.0 = Release|x64
		{E6E404BA-FCBB-4834-B371-07E42B155FE9}.Release|x64.ActiveCfg = Release|x64
		{E6E404BA-FCBB-4834-B371-07E42B155FE9}.Release|x64.Build.0 = Release|x64
		{E6E404BA-FCBB-4834-B371-07E42B155FE9}.Release|x86.ActiveCfg = Release|Win32
		{E6E404BA-FCBB-4834-B371-07E42B155FE9}.Release|x86.Build.0 = Release|Win32
		{93616241-F8F5-4AC8-9AE4-BBE65756694B}.Debug|ARM.ActiveCfg = Debug|x64
		{93616241-F8F5-4AC8-9AE4-BBE65756694B}.Debug|ARM.Build.0 = Debug|x64
		{93616241-F8F5-4AC8-9AE4-BBE65756694B}.Debug|ARM64.ActiveCfg = Debug|x64
		{93616241-F8F5-4AC8-9AE4-BBE65756694B}.Debug|ARM64.Build.0 = Debug|x64
		{93616241-F8F5-4AC8-9AE4-BBE65756694B}.Debug|x64.ActiveCfg = Debug|x64
		{93616241-F8F5-4AC8-9AE4-BBE65756694B}.Debug|x64.Build.0 = Debug|x64
		{93616241-F8F5-4AC8-9AE4-BBE65756694B}.Debug|x86.ActiveCfg = Debug|Win32
		{93616241-F8F5-4AC8-9AE4-BBE65756694B}.Debug|x86.Build.0 = Debug|Win32
		{93616241-F8F5-4AC8-9AE4-BBE65756694B}.Release|ARM.ActiveCfg = Release|x64
		{93616241-F8F5-4AC8-9AE4-BBE65756694B}.Release|ARM.Build.0 = Release|x64
		{93616241-F8F5-4AC8-9AE4-BBE65756694B}.Release|ARM64.ActiveCfg = Release|x64
		{93616241-F8F5-4AC8-9AE4-BBE65756694B}.Release|ARM64.Build.0 = Release|x64
		{93616241-F8F5-4AC8-9AE4-BBE65756694B}.Release|x64.ActiveCfg = Release|x64
		{93616241-F8F5-4AC8-9AE4-BBE65756694B}.Release|x64.Build.0 = Release|x64
		{93616241-F8F5-4AC8-9AE4-BBE65756694B}.Release|x86.ActiveCfg = Release|Win32
		{93616241-F8F5-4AC8-9AE4-BBE65756694B}.Release|x86.Build.0 = Release|Win32
	EndGlobalSection
	GlobalSection(SolutionProperties) = preSolution
		HideSolutionNode = FALSE
	EndGlobalSection
	GlobalSection(ExtensibilityGlobals) = postSolution
		SolutionGuid = {8EB42E71-CB2B-47DD-9DEF-81E72FA7E10C}
	EndGlobalSection
EndGlobal
